
Microsoft Visual Studio Solution File, Format Version 12.00
# Visual Studio 2012
Project("{FAE04EC0-301F-11D3-BF4B-00C04F79EFBC}") = "SmartCA.Model", "Model\SmartCA.Model.csproj", "{3A2D752A-AF80-4516-9393-3CBC088873A9}"
EndProject
Project("{FAE04EC0-301F-11D3-BF4B-00C04F79EFBC}") = "SmartCA.Infrastructure", "SmartCA.Infrastructure\SmartCA.Infrastructure.csproj", "{A1EE0842-D667-4079-898C-3C659BD69D35}"
EndProject
Project("{FAE04EC0-301F-11D3-BF4B-00C04F79EFBC}") = "SmartCA.Application", "SmartCA.Application\SmartCA.Application.csproj", "{C633542D-CA05-4703-92C3-9A540C580B72}"
EndProject
Project("{FAE04EC0-301F-11D3-BF4B-00C04F79EFBC}") = "SmartCA.Presentation", "SmartCA.Presentation\SmartCA.Presentation.csproj", "{A7A10CE7-A3AC-423D-A101-B2206A046520}"
EndProject
Project("{FAE04EC0-301F-11D3-BF4B-00C04F79EFBC}") = "SmartCA.UnitTests", "SmartCA.UnitTests\SmartCA.UnitTests.csproj", "{CF2C20E7-3212-4D97-BFCE-C0C248DA767E}"
EndProject
Project("{FAE04EC0-301F-11D3-BF4B-00C04F79EFBC}") = "SmartCA.Infrastructure.Repositories", "SmartCA.Infrastructure.Repositories\SmartCA.Infrastructure.Repositories.csproj", "{7A9FD38D-E891-46CB-8751-D1693D066FB4}"
EndProject
Project("{FAE04EC0-301F-11D3-BF4B-00C04F79EFBC}") = "SmartCA.Presentation.WindowsForms", "SmartCA.Presentation.WindowsForms\SmartCA.Presentation.WindowsForms.csproj", "{F27BB296-848A-487C-997D-5AF41E98B255}"
EndProject
Project("{FAE04EC0-301F-11D3-BF4B-00C04F79EFBC}") = "SmartCA.Infrastructure.UI", "SmartCA.Infrastructure.UI\SmartCA.Infrastructure.UI.csproj", "{3BE084DE-2A2A-4674-B301-8CF6363D3551}"
EndProject
Project("{FAE04EC0-301F-11D3-BF4B-00C04F79EFBC}") = "SmartCA.DataContracts", "DataContracts\SmartCA.DataContracts.csproj", "{30757EF3-FD67-4835-B4EC-612DA68A7E60}"
EndProject
Project("{FAE04EC0-301F-11D3-BF4B-00C04F79EFBC}") = "SmartCA.DataContracts.Helpers", "SmartCA.DataContracts.Helpers\SmartCA.DataContracts.Helpers.csproj", "{EE0AF0FB-ABEB-4939-AEDC-A3D09402B169}"
EndProject
Global
	GlobalSection(SolutionConfigurationPlatforms) = preSolution
		Debug|Any CPU = Debug|Any CPU
		Release|Any CPU = Release|Any CPU
	EndGlobalSection
	GlobalSection(ProjectConfigurationPlatforms) = postSolution
		{3A2D752A-AF80-4516-9393-3CBC088873A9}.Debug|Any CPU.ActiveCfg = Debug|Any CPU
		{3A2D752A-AF80-4516-9393-3CBC088873A9}.Debug|Any CPU.Build.0 = Debug|Any CPU
		{3A2D752A-AF80-4516-9393-3CBC088873A9}.Release|Any CPU.ActiveCfg = Release|Any CPU
		{3A2D752A-AF80-4516-9393-3CBC088873A9}.Release|Any CPU.Build.0 = Release|Any CPU
		{A1EE0842-D667-4079-898C-3C659BD69D35}.Debug|Any CPU.ActiveCfg = Debug|Any CPU
		{A1EE0842-D667-4079-898C-3C659BD69D35}.Debug|Any CPU.Build.0 = Debug|Any CPU
		{A1EE0842-D667-4079-898C-3C659BD69D35}.Release|Any CPU.ActiveCfg = Release|Any CPU
		{A1EE0842-D667-4079-898C-3C659BD69D35}.Release|Any CPU.Build.0 = Release|Any CPU
		{C633542D-CA05-4703-92C3-9A540C580B72}.Debug|Any CPU.ActiveCfg = Debug|Any CPU
		{C633542D-CA05-4703-92C3-9A540C580B72}.Debug|Any CPU.Build.0 = Debug|Any CPU
		{C633542D-CA05-4703-92C3-9A540C580B72}.Release|Any CPU.ActiveCfg = Release|Any CPU
		{C633542D-CA05-4703-92C3-9A540C580B72}.Release|Any CPU.Build.0 = Release|Any CPU
		{A7A10CE7-A3AC-423D-A101-B2206A046520}.Debug|Any CPU.ActiveCfg = Debug|Any CPU
		{A7A10CE7-A3AC-423D-A101-B2206A046520}.Debug|Any CPU.Build.0 = Debug|Any CPU
		{A7A10CE7-A3AC-423D-A101-B2206A046520}.Release|Any CPU.ActiveCfg = Release|Any CPU
		{A7A10CE7-A3AC-423D-A101-B2206A046520}.Release|Any CPU.Build.0 = Release|Any CPU
		{CF2C20E7-3212-4D97-BFCE-C0C248DA767E}.Debug|Any CPU.ActiveCfg = Debug|Any CPU
		{CF2C20E7-3212-4D97-BFCE-C0C248DA767E}.Debug|Any CPU.Build.0 = Debug|Any CPU
		{CF2C20E7-3212-4D97-BFCE-C0C248DA767E}.Release|Any CPU.ActiveCfg = Release|Any CPU
		{CF2C20E7-3212-4D97-BFCE-C0C248DA767E}.Release|Any CPU.Build.0 = Release|Any CPU
		{7A9FD38D-E891-46CB-8751-D1693D066FB4}.Debug|Any CPU.ActiveCfg = Debug|Any CPU
		{7A9FD38D-E891-46CB-8751-D1693D066FB4}.Debug|Any CPU.Build.0 = Debug|Any CPU
		{7A9FD38D-E891-46CB-8751-D1693D066FB4}.Release|Any CPU.ActiveCfg = Release|Any CPU
		{7A9FD38D-E891-46CB-8751-D1693D066FB4}.Release|Any CPU.Build.0 = Release|Any CPU
		{F27BB296-848A-487C-997D-5AF41E98B255}.Debug|Any CPU.ActiveCfg = Debug|Any CPU
		{F27BB296-848A-487C-997D-5AF41E98B255}.Debug|Any CPU.Build.0 = Debug|Any CPU
		{F27BB296-848A-487C-997D-5AF41E98B255}.Release|Any CPU.ActiveCfg = Release|Any CPU
		{F27BB296-848A-487C-997D-5AF41E98B255}.Release|Any CPU.Build.0 = Release|Any CPU
		{3BE084DE-2A2A-4674-B301-8CF6363D3551}.Debug|Any CPU.ActiveCfg = Debug|Any CPU
		{3BE084DE-2A2A-4674-B301-8CF6363D3551}.Debug|Any CPU.Build.0 = Debug|Any CPU
		{3BE084DE-2A2A-4674-B301-8CF6363D3551}.Release|Any CPU.ActiveCfg = Release|Any CPU
		{3BE084DE-2A2A-4674-B301-8CF6363D3551}.Release|Any CPU.Build.0 = Release|Any CPU
		{30757EF3-FD67-4835-B4EC-612DA68A7E60}.Debug|Any CPU.ActiveCfg = Debug|Any CPU
		{30757EF3-FD67-4835-B4EC-612DA68A7E60}.Debug|Any CPU.Build.0 = Debug|Any CPU
		{30757EF3-FD67-4835-B4EC-612DA68A7E60}.Release|Any CPU.ActiveCfg = Release|Any CPU
		{30757EF3-FD67-4835-B4EC-612DA68A7E60}.Release|Any CPU.Build.0 = Release|Any CPU
		{EE0AF0FB-ABEB-4939-AEDC-A3D09402B169}.Debug|Any CPU.ActiveCfg = Debug|Any CPU
		{EE0AF0FB-ABEB-4939-AEDC-A3D09402B169}.Debug|Any CPU.Build.0 = Debug|Any CPU
		{EE0AF0FB-ABEB-4939-AEDC-A3D09402B169}.Release|Any CPU.ActiveCfg = Release|Any CPU
		{EE0AF0FB-ABEB-4939-AEDC-A3D09402B169}.Release|Any CPU.Build.0 = Release|Any CPU
	EndGlobalSection
	GlobalSection(SolutionProperties) = preSolution
		HideSolutionNode = FALSE
	EndGlobalSection
	GlobalSection(ExtensibilityGlobals) = postSolution
		EnterpriseLibraryConfigurationToolBinariesPathV6 = packages\EnterpriseLibrary.Common.6.0.1304.0\lib\NET45;packages\EnterpriseLibrary.Data.6.0.1304.0\lib\NET45;packages\EnterpriseLibrary.Data.SqlCe.6.0.1304.0\lib\NET45
	EndGlobalSection
EndGlobal
